
Microsoft Visual Studio Solution File, Format Version 12.00
# Visual Studio Version 16
VisualStudioVersion = 16.0.29123.88
MinimumVisualStudioVersion = 10.0.40219.1
Project("{FAE04EC0-301F-11D3-BF4B-00C04F79EFBC}") = "GetSystemDeviceInfo", "GetSystemDeviceInfo\GetSystemDeviceInfo.csproj", "{A05199B9-22D7-440E-9A27-6C037EAF6CB6}"
EndProject
Global
	GlobalSection(SolutionConfigurationPlatforms) = preSolution
		Debug|Any CPU = Debug|Any CPU
		Release|Any CPU = Release|Any CPU
	EndGlobalSection
	GlobalSection(ProjectConfigurationPlatforms) = postSolution
		{A05199B9-22D7-440E-9A27-6C037EAF6CB6}.Debug|Any CPU.ActiveCfg = Debug|Any CPU
		{A05199B9-22D7-440E-9A27-6C037EAF6CB6}.Debug|Any CPU.Build.0 = Debug|Any CPU
		{A05199B9-22D7-440E-9A27-6C037EAF6CB6}.Release|Any CPU.ActiveCfg = Release|Any CPU
		{A05199B9-22D7-440E-9A27-6C037EAF6CB6}.Release|Any CPU.Build.0 = Release|Any CPU
	EndGlobalSection
	GlobalSection(SolutionProperties) = preSolution
		HideSolutionNode = FALSE
	EndGlobalSection
	GlobalSection(ExtensibilityGlobals) = postSolution
		SolutionGuid = {3F48890A-17E7-4352-A39B-80869B1AC548}
	EndGlobalSection
EndGlobal
